
Microsoft Visual Studio Solution File, Format Version 12.00
# Visual Studio 2013
VisualStudioVersion = 12.0.31101.0
MinimumVisualStudioVersion = 10.0.40219.1
Project("{FAE04EC0-301F-11D3-BF4B-00C04F79EFBC}") = "IARC2", "IARC2\IARC2.csproj", "{97E1848C-BC86-4C04-8005-BB4C1E0D72EC}"
EndProject
Project("{FAE04EC0-301F-11D3-BF4B-00C04F79EFBC}") = "OLRC2", "OLRC2\OLRC2.csproj", "{4532F1C0-5D02-454F-B3FA-471E1182D0B1}"
EndProject
Project("{FAE04EC0-301F-11D3-BF4B-00C04F79EFBC}") = "LandingPage", "LandingPage\LandingPage.csproj", "{30F97480-1AC0-4C5F-9F05-5F883D38DEED}"
EndProject
Project("{2150E333-8FDC-42A3-9474-1A3956D46DE8}") = ".nuget", ".nuget", "{E735D05E-7765-4205-82FD-A2E32CA23C9B}"
	ProjectSection(SolutionItems) = preProject
		.nuget\NuGet.Config = .nuget\NuGet.Config
		.nuget\NuGet.exe = .nuget\NuGet.exe
		.nuget\NuGet.targets = .nuget\NuGet.targets
	EndProjectSection
EndProject
Project("{FAE04EC0-301F-11D3-BF4B-00C04F79EFBC}") = "HelloWPF", "HelloWPF\HelloWPF.csproj", "{CDC68EAD-7F25-43E5-B931-94EE5EC81F8D}"
EndProject
Global
	GlobalSection(SolutionConfigurationPlatforms) = preSolution
		Debug|Any CPU = Debug|Any CPU
		Release|Any CPU = Release|Any CPU
	EndGlobalSection
	GlobalSection(ProjectConfigurationPlatforms) = postSolution
		{97E1848C-BC86-4C04-8005-BB4C1E0D72EC}.Debug|Any CPU.ActiveCfg = Debug|Any CPU
		{97E1848C-BC86-4C04-8005-BB4C1E0D72EC}.Debug|Any CPU.Build.0 = Debug|Any CPU
		{97E1848C-BC86-4C04-8005-BB4C1E0D72EC}.Release|Any CPU.ActiveCfg = Release|Any CPU
		{97E1848C-BC86-4C04-8005-BB4C1E0D72EC}.Release|Any CPU.Build.0 = Release|Any CPU
		{4532F1C0-5D02-454F-B3FA-471E1182D0B1}.Debug|Any CPU.ActiveCfg = Debug|Any CPU
		{4532F1C0-5D02-454F-B3FA-471E1182D0B1}.Debug|Any CPU.Build.0 = Debug|Any CPU
		{4532F1C0-5D02-454F-B3FA-471E1182D0B1}.Release|Any CPU.ActiveCfg = Release|Any CPU
		{4532F1C0-5D02-454F-B3FA-471E1182D0B1}.Release|Any CPU.Build.0 = Release|Any CPU
		{30F97480-1AC0-4C5F-9F05-5F883D38DEED}.Debug|Any CPU.ActiveCfg = Debug|Any CPU
		{30F97480-1AC0-4C5F-9F05-5F883D38DEED}.Debug|Any CPU.Build.0 = Debug|Any CPU
		{30F97480-1AC0-4C5F-9F05-5F883D38DEED}.Release|Any CPU.ActiveCfg = Release|Any CPU
		{30F97480-1AC0-4C5F-9F05-5F883D38DEED}.Release|Any CPU.Build.0 = Release|Any CPU
		{CDC68EAD-7F25-43E5-B931-94EE5EC81F8D}.Debug|Any CPU.ActiveCfg = Debug|Any CPU
		{CDC68EAD-7F25-43E5-B931-94EE5EC81F8D}.Debug|Any CPU.Build.0 = Debug|Any CPU
		{CDC68EAD-7F25-43E5-B931-94EE5EC81F8D}.Release|Any CPU.ActiveCfg = Release|Any CPU
		{CDC68EAD-7F25-43E5-B931-94EE5EC81F8D}.Release|Any CPU.Build.0 = Release|Any CPU
	EndGlobalSection
	GlobalSection(SolutionProperties) = preSolution
		HideSolutionNode = FALSE
	EndGlobalSection
EndGlobal
