{
  "requires": true,
  "lockfileVersion": 1,
  "dependencies": {
    "amdefine": {
      "version": "1.0.1",
      "resolved": "https://registry.npmjs.org/amdefine/-/amdefine-1.0.1.tgz",
      "integrity": "sha1-SlKCrBZHKek2Gbz9OtFR+BfOkfU="
    },
    "ansi": {
      "version": "0.2.1",
      "resolved": "https://registry.npmjs.org/ansi/-/ansi-0.2.1.tgz",
      "integrity": "sha1-OrVo7BjNCrd1PIMRfVfa1oShwBc="
    },
    "async": {
      "version": "0.2.10",
      "resolved": "https://registry.npmjs.org/async/-/async-0.2.10.tgz",
      "integrity": "sha1-trvgsGdLnXGXCMo43owjfLUmw9E="
    },
    "cli": {
      "version": "0.4.5",
      "resolved": "https://registry.npmjs.org/cli/-/cli-0.4.5.tgz",
      "integrity": "sha1-ePlIXNFhtWbppsctcXDEJw6B22E=",
      "requires": {
        "glob": ">= 3.1.4"
      }
    },
    "commander": {
      "version": "1.2.0",
      "resolved": "https://registry.npmjs.org/commander/-/commander-1.2.0.tgz",
      "integrity": "sha1-/VcTv6FTx9bMWZN4patMRcU1Ap4=",
      "requires": {
        "keypress": "0.1.x"
      }
    },
    "console-browserify": {
      "version": "0.1.6",
      "resolved": "https://registry.npmjs.org/console-browserify/-/console-browserify-0.1.6.tgz",
      "integrity": "sha1-0SijwLuINQ61YmxufHGm8P1ImDw="
    },
    "glob": {
      "version": "3.2.11",
      "resolved": "https://registry.npmjs.org/glob/-/glob-3.2.11.tgz",
      "integrity": "sha1-Spc/Y1uRkPcV0QmH1cAP0oFevj0=",
      "requires": {
        "inherits": "2",
        "minimatch": "0.3"
      }
    },
    "inherits": {
      "version": "2.0.4",
      "resolved": "https://registry.npmjs.org/inherits/-/inherits-2.0.4.tgz",
      "integrity": "sha512-k/vGaX4/Yla3WzyMCvTQOXYeIHvqOKtnqBduzTHpzpQZzAskKMhZ2K+EnBiSM9zGSoIFeMpXKxa4dYeZIQqewQ=="
    },
    "jshint": {
      "version": "2.1.11",
      "resolved": "https://registry.npmjs.org/jshint/-/jshint-2.1.11.tgz",
      "integrity": "sha1-61EI/vm6Xd67gwmD9XLSQuSeP5Y=",
      "requires": {
        "cli": "0.4.x",
        "console-browserify": "0.1.x",
        "minimatch": "0.x.x",
        "shelljs": "0.1.x",
        "underscore": "1.4.x"
      }
    },
    "kew": {
      "version": "0.1.7",
      "resolved": "https://registry.npmjs.org/kew/-/kew-0.1.7.tgz",
      "integrity": "sha1-CjKoF/8amzsSuMm6z0vE1nmvjnI="
    },
    "keypress": {
      "version": "0.1.0",
      "resolved": "https://registry.npmjs.org/keypress/-/keypress-0.1.0.tgz",
      "integrity": "sha1-SjGI1CkbZrT2XtuZ+AaqmuKTWSo="
    },
    "lru-cache": {
      "version": "2.7.3",
      "resolved": "https://registry.npmjs.org/lru-cache/-/lru-cache-2.7.3.tgz",
      "integrity": "sha1-bUUk6LlV+V1PW1iFHOId1y+06VI="
    },
    "minimatch": {
      "version": "0.3.0",
      "resolved": "https://registry.npmjs.org/minimatch/-/minimatch-0.3.0.tgz",
      "integrity": "sha1-J12O2qxPG7MyZHIInnlJyDlGmd0=",
      "requires": {
        "lru-cache": "2",
        "sigmund": "~1.0.0"
      }
    },
    "npmlog": {
      "version": "0.0.6",
      "resolved": "https://registry.npmjs.org/npmlog/-/npmlog-0.0.6.tgz",
      "integrity": "sha1-aFBD/nGqFmXW47Ks7xgGQMr0CHM=",
      "requires": {
        "ansi": "~0.2.1"
      }
    },
    "optimist": {
      "version": "0.3.7",
      "resolved": "https://registry.npmjs.org/optimist/-/optimist-0.3.7.tgz",
      "integrity": "sha1-yQlBrVnkJzMokjB00s8ufLxuwNk=",
      "requires": {
        "wordwrap": "~0.0.2"
      }
    },
    "requirejs": {
      "version": "2.1.22",
      "resolved": "https://registry.npmjs.org/requirejs/-/requirejs-2.1.22.tgz",
      "integrity": "sha1-3Xj9LTQYDA1ixyS1uK68BmTgNm8="
    },
    "shelljs": {
      "version": "0.1.4",
      "resolved": "https://registry.npmjs.org/shelljs/-/shelljs-0.1.4.tgz",
      "integrity": "sha1-37vnjVbDwBaNL7eeEOzR28sH7A4="
    },
    "sigmund": {
      "version": "1.0.1",
      "resolved": "https://registry.npmjs.org/sigmund/-/sigmund-1.0.1.tgz",
      "integrity": "sha1-P/IfGYytIXX587eBhT/ZTQ0ZtZA="
    },
    "source-map": {
      "version": "0.1.43",
      "resolved": "https://registry.npmjs.org/source-map/-/source-map-0.1.43.tgz",
      "integrity": "sha1-wkvBRspRfBRx9drL4lcbK3+eM0Y=",
      "requires": {
        "amdefine": ">=0.0.4"
      }
    },
    "uglify-js": {
      "version": "2.3.6",
      "resolved": "https://registry.npmjs.org/uglify-js/-/uglify-js-2.3.6.tgz",
      "integrity": "sha1-+gmEdwtCi3qbKoBY9GNV0U/vIRo=",
      "requires": {
        "async": "~0.2.6",
        "optimist": "~0.3.5",
        "source-map": "~0.1.7"
      }
    },
    "underscore": {
      "version": "1.4.4",
      "resolved": "https://registry.npmjs.org/underscore/-/underscore-1.4.4.tgz",
      "integrity": "sha1-YaajIBBiKvoHljvzJSA88SI51gQ="
    },
    "weyland": {
      "version": "1.0.0",
      "resolved": "https://registry.npmjs.org/weyland/-/weyland-1.0.0.tgz",
      "integrity": "sha1-34cfiBXFguycrcC0/TIpXLfT58g=",
      "requires": {
        "commander": "~1.2.0",
        "glob": "~3.2.1",
        "jshint": "~2.1.3",
        "kew": "~0.1.7",
        "npmlog": "~0.0.3",
        "requirejs": "~2.1.6",
        "uglify-js": "~2.3.6"
      }
    },
    "wordwrap": {
      "version": "0.0.3",
      "resolved": "https://registry.npmjs.org/wordwrap/-/wordwrap-0.0.3.tgz",
      "integrity": "sha1-o9XabNXAvAAI03I0u68b7WMFkQc="
    }
  }
}
